// !$*UTF8*$!
{
	archiveVersion = 1;
	classes = {
	};
	objectVersion = 50;
	objects = {

/* Begin PBXBuildFile section */
		18921B0A27994FEC00700F5E /* AppDelegate.m in Sources */ = {isa = PBXBuildFile; fileRef = 18921B0927994FEC00700F5E /* AppDelegate.m */; };
		18921B1027994FEC00700F5E /* ViewController.m in Sources */ = {isa = PBXBuildFile; fileRef = 18921B0F27994FEC00700F5E /* ViewController.m */; };
		18921B1327994FEC00700F5E /* Main.storyboard in Resources */ = {isa = PBXBuildFile; fileRef = 18921B1127994FEC00700F5E /* Main.storyboard */; };
		18921B1527994FF700700F5E /* Assets.xcassets in Resources */ = {isa = PBXBuildFile; fileRef = 18921B1427994FF700700F5E /* Assets.xcassets */; };
		18921B1827994FF700700F5E /* LaunchScreen.storyboard in Resources */ = {isa = PBXBuildFile; fileRef = 18921B1627994FF700700F5E /* LaunchScreen.storyboard */; };
		18921B1B27994FF700700F5E /* main.m in Sources */ = {isa = PBXBuildFile; fileRef = 18921B1A27994FF700700F5E /* main.m */; };
		18921B252799508F00700F5E /* JHAdjustButton.m in Sources */ = {isa = PBXBuildFile; fileRef = 18921B242799508F00700F5E /* JHAdjustButton.m */; };
/* End PBXBuildFile section */

/* Begin PBXFileReference section */
		18921B0527994FEC00700F5E /* JHAdjustButton.app */ = {isa = PBXFileReference; explicitFileType = wrapper.application; includeInIndex = 0; path = JHAdjustButton.app; sourceTree = BUILT_PRODUCTS_DIR; };
		18921B0827994FEC00700F5E /* AppDelegate.h */ = {isa = PBXFileReference; lastKnownFileType = sourcecode.c.h; path = AppDelegate.h; sourceTree = "<group>"; };
		18921B0927994FEC00700F5E /* AppDelegate.m */ = {isa = PBXFileReference; lastKnownFileType = sourcecode.c.objc; path = AppDelegate.m; sourceTree = "<group>"; };
		18921B0E27994FEC00700F5E /* ViewController.h */ = {isa = PBXFileReference; lastKnownFileType = sourcecode.c.h; path = ViewController.h; sourceTree = "<group>"; };
		18921B0F27994FEC00700F5E /* ViewController.m */ = {isa = PBXFileReference; lastKnownFileType = sourcecode.c.objc; path = ViewController.m; sourceTree = "<group>"; };
		18921B1227994FEC00700F5E /* Base */ = {isa = PBXFileReference; lastKnownFileType = file.storyboard; name = Base; path = Base.lproj/Main.storyboard; sourceTree = "<group>"; };
		18921B1427994FF700700F5E /* Assets.xcassets */ = {isa = PBXFileReference; lastKnownFileType = folder.assetcatalog; path = Assets.xcassets; sourceTree = "<group>"; };
		18921B1727994FF700700F5E /* Base */ = {isa = PBXFileReference; lastKnownFileType = file.storyboard; name = Base; path = Base.lproj/LaunchScreen.storyboard; sourceTree = "<group>"; };
		18921B1927994FF700700F5E /* Info.plist */ = {isa = PBXFileReference; lastKnownFileType = text.plist.xml; path = Info.plist; sourceTree = "<group>"; };
		18921B1A27994FF700700F5E /* main.m */ = {isa = PBXFileReference; lastKnownFileType = sourcecode.c.objc; path = main.m; sourceTree = "<group>"; };
		18921B232799508F00700F5E /* JHAdjustButton.h */ = {isa = PBXFileReference; lastKnownFileType = sourcecode.c.h; path = JHAdjustButton.h; sourceTree = "<group>"; };
		18921B242799508F00700F5E /* JHAdjustButton.m */ = {isa = PBXFileReference; lastKnownFileType = sourcecode.c.objc; path = JHAdjustButton.m; sourceTree = "<group>"; };
/* End PBXFileReference section */

/* Begin PBXFrameworksBuildPhase section */
		18921B0227994FEC00700F5E /* Frameworks */ = {
			isa = PBXFrameworksBuildPhase;
			buildActionMask = 2147483647;
			files = (
			);
			runOnlyForDeploymentPostprocessing = 0;
		};
/* End PBXFrameworksBuildPhase section */

/* Begin PBXGroup section */
		18921AFC27994FEC00700F5E = {
			isa = PBXGroup;
			children = (
				18921B0727994FEC00700F5E /* JHAdjustButton */,
				18921B0627994FEC00700F5E /* Products */,
			);
			sourceTree = "<group>";
		};
		18921B0627994FEC00700F5E /* Products */ = {
			isa = PBXGroup;
			children = (
				18921B0527994FEC00700F5E /* JHAdjustButton.app */,
			);
			name = Products;
			sourceTree = "<group>";
		};
		18921B0727994FEC00700F5E /* JHAdjustButton */ = {
			isa = PBXGroup;
			children = (
				18921B282799509300700F5E /* JHAdjustButton */,
				18921B0827994FEC00700F5E /* AppDelegate.h */,
				18921B0927994FEC00700F5E /* AppDelegate.m */,
				18921B0E27994FEC00700F5E /* ViewController.h */,
				18921B0F27994FEC00700F5E /* ViewController.m */,
				18921B1127994FEC00700F5E /* Main.storyboard */,
				18921B1427994FF700700F5E /* Assets.xcassets */,
				18921B1627994FF700700F5E /* LaunchScreen.storyboard */,
				18921B1927994FF700700F5E /* Info.plist */,
				18921B1A27994FF700700F5E /* main.m */,
			);
			path = JHAdjustButton;
			sourceTree = "<group>";
		};
		18921B282799509300700F5E /* JHAdjustButton */ = {
			isa = PBXGroup;
			children = (
				18921B232799508F00700F5E /* JHAdjustButton.h */,
				18921B242799508F00700F5E /* JHAdjustButton.m */,
			);
			path = JHAdjustButton;
			sourceTree = "<group>";
		};
/* End PBXGroup section */

/* Begin PBXNativeTarget section */
		18921B0427994FEC00700F5E /* JHAdjustButton */ = {
			isa = PBXNativeTarget;
			buildConfigurationList = 18921B1E27994FF700700F5E /* Build configuration list for PBXNativeTarget "JHAdjustButton" */;
			buildPhases = (
				18921B0127994FEC00700F5E /* Sources */,
				18921B0227994FEC00700F5E /* Frameworks */,
				18921B0327994FEC00700F5E /* Resources */,
			);
			buildRules = (
			);
			dependencies = (
			);
			name = JHAdjustButton;
			productName = JHAdjustButton;
			productReference = 18921B0527994FEC00700F5E /* JHAdjustButton.app */;
			productType = "com.apple.product-type.application";
		};
/* End PBXNativeTarget section */

/* Begin PBXProject section */
		18921AFD27994FEC00700F5E /* Project object */ = {
			isa = PBXProject;
			attributes = {
				LastUpgradeCheck = 1240;
				TargetAttributes = {
					18921B0427994FEC00700F5E = {
						CreatedOnToolsVersion = 12.4;
					};
				};
			};
			buildConfigurationList = 18921B0027994FEC00700F5E /* Build configuration list for PBXProject "JHAdjustButton" */;
			compatibilityVersion = "Xcode 9.3";
			developmentRegion = en;
			hasScannedForEncodings = 0;
			knownRegions = (
				en,
				Base,
			);
			mainGroup = 18921AFC27994FEC00700F5E;
			productRefGroup = 18921B0627994FEC00700F5E /* Products */;
			projectDirPath = "";
			projectRoot = "";
			targets = (
				18921B0427994FEC00700F5E /* JHAdjustButton */,
			);
		};
/* End PBXProject section */

/* Begin PBXResourcesBuildPhase section */
		18921B0327994FEC00700F5E /* Resources */ = {
			isa = PBXResourcesBuildPhase;
			buildActionMask = 2147483647;
			files = (
				18921B1827994FF700700F5E /* LaunchScreen.storyboard in Resources */,
				18921B1527994FF700700F5E /* Assets.xcassets in Resources */,
				18921B1327994FEC00700F5E /* Main.storyboard in Resources */,
			);
			runOnlyForDeploymentPostprocessing = 0;
		};
/* End PBXResourcesBuildPhase section */

/* Begin PBXSourcesBuildPhase section */
		18921B0127994FEC00700F5E /* Sources */ = {
			isa = PBXSourcesBuildPhase;
			buildActionMask = 2147483647;
			files = (
				18921B252799508F00700F5E /* JHAdjustButton.m in Sources */,
				18921B1027994FEC00700F5E /* ViewController.m in Sources */,
				18921B0A27994FEC00700F5E /* AppDelegate.m in Sources */,
				18921B1B27994FF700700F5E /* main.m in Sources */,
			);
			runOnlyForDeploymentPostprocessing = 0;
		};
/* End PBXSourcesBuildPhase section */

/* Begin PBXVariantGroup section */
		18921B1127994FEC00700F5E /* Main.storyboard */ = {
			isa = PBXVariantGroup;
			children = (
				18921B1227994FEC00700F5E /* Base */,
			);
			name = Main.storyboard;
			sourceTree = "<group>";
		};
		18921B1627994FF700700F5E /* LaunchScreen.storyboard */ = {
			isa = PBXVariantGroup;
			children = (
				18921B1727994FF700700F5E /* Base */,
			);
			name = LaunchScreen.storyboard;
			sourceTree = "<group>";
		};
/* End PBXVariantGroup section */

/* Begin XCBuildConfiguration section */
		18921B1C27994FF700700F5E /* Debug */ = {
			isa = XCBuildConfiguration;
			buildSettings = {
				ALWAYS_SEARCH_USER_PATHS = NO;
				CLANG_ANALYZER_NONNULL = YES;
				CLANG_ANALYZER_NUMBER_OBJECT_CONVERSION = YES_AGGRESSIVE;
				CLANG_CXX_LANGUAGE_STANDARD = "gnu++14";
				CLANG_CXX_LIBRARY = "libc++";
				CLANG_ENABLE_MODULES = YES;
				CLANG_ENABLE_OBJC_ARC = YES;
				CLANG_ENABLE_OBJC_WEAK = YES;
				CLANG_WARN_BLOCK_CAPTURE_AUTORELEASING = YES;
				CLANG_WARN_BOOL_CONVERSION = YES;
				CLANG_WARN_COMMA = YES;
				CLANG_WARN_CONSTANT_CONVERSION = YES;
				CLANG_WARN_DEPRECATED_OBJC_IMPLEMENTATIONS = YES;
				CLANG_WARN_DIRECT_OBJC_ISA_USAGE = YES_ERROR;
				CLANG_WARN_DOCUMENTATION_COMMENTS = YES;
				CLANG_WARN_EMPTY_BODY = YES;
				CLANG_WARN_ENUM_CONVERSION = YES;
				CLANG_WARN_INFINITE_RECURSION = YES;
				CLANG_WARN_INT_CONVERSION = YES;
				CLANG_WARN_NON_LITERAL_NULL_CONVERSION = YES;
				CLANG_WARN_OBJC_IMPLICIT_RETAIN_SELF = YES;
				CLANG_WARN_OBJC_LITERAL_CONVERSION = YES;
				CLANG_WARN_OBJC_ROOT_CLASS = YES_ERROR;
				CLANG_WARN_QUOTED_INCLUDE_IN_FRAMEWORK_HEADER = YES;
				CLANG_WARN_RANGE_LOOP_ANALYSIS = YES;
				CLANG_WARN_STRICT_PROTOTYPES = YES;
				CLANG_WARN_SUSPICIOUS_MOVE = YES;
				CLANG_WARN_UNGUARDED_AVAILABILITY = YES_AGGRESSIVE;
				CLANG_WARN_UNREACHABLE_CODE = YES;
				CLANG_WARN__DUPLICATE_METHOD_MATCH = YES;
				COPY_PHASE_STRIP = NO;
				DEBUG_INFORMATION_FORMAT = dwarf;
				ENABLE_STRICT_OBJC_MSGSEND = YES;
				ENABLE_TESTABILITY = YES;
				GCC_C_LANGUAGE_STANDARD = gnu11;
				GCC_DYNAMIC_NO_PIC = NO;
				GCC_NO_COMMON_BLOCKS = YES;
				GCC_OPTIMIZATION_LEVEL = 0;
				GCC_PREPROCESSOR_DEFINITIONS = (
					"DEBUG=1",
					"$(inherited)",
				);
				GCC_WARN_64_TO_32_BIT_CONVERSION = YES;
				GCC_WARN_ABOUT_RETURN_TYPE = YES_ERROR;
				GCC_WARN_UNDECLARED_SELECTOR = YES;
				GCC_WARN_UNINITIALIZED_AUTOS = YES_AGGRESSIVE;
				GCC_WARN_UNUSED_FUNCTION = YES;
				GCC_WARN_UNUSED_VARIABLE = YES;
				IPHONEOS_DEPLOYMENT_TARGET = 14.4;
				MTL_ENABLE_DEBUG_INFO = INCLUDE_SOURCE;
				MTL_FAST_MATH = YES;
				ONLY_ACTIVE_ARCH = YES;
				SDKROOT = iphoneos;
			};
			name = Debug;
		};
		18921B1D27994FF700700F5E /* Release */ = {
			isa = XCBuildConfiguration;
			buildSettings = {
				ALWAYS_SEARCH_USER_PATHS = NO;
				CLANG_ANALYZER_NONNULL = YES;
				CLANG_ANALYZER_NUMBER_OBJECT_CONVERSION = YES_AGGRESSIVE;
				CLANG_CXX_LANGUAGE_STANDARD = "gnu++14";
				CLANG_CXX_LIBRARY = "libc++";
				CLANG_ENABLE_MODULES = YES;
				CLANG_ENABLE_OBJC_ARC = YES;
				CLANG_ENABLE_OBJC_WEAK = YES;
				CLANG_WARN_BLOCK_CAPTURE_AUTORELEASING = YES;
				CLANG_WARN_BOOL_CONVERSION = YES;
				CLANG_WARN_COMMA = YES;
				CLANG_WARN_CONSTANT_CONVERSION = YES;
				CLANG_WARN_DEPRECATED_OBJC_IMPLEMENTATIONS = YES;
				CLANG_WARN_DIRECT_OBJC_ISA_USAGE = YES_ERROR;
				CLANG_WARN_DOCUMENTATION_COMMENTS = YES;
				CLANG_WARN_EMPTY_BODY = YES;
				CLANG_WARN_ENUM_CONVERSION = YES;
				CLANG_WARN_INFINITE_RECURSION = YES;
				CLANG_WARN_INT_CONVERSION = YES;
				CLANG_WARN_NON_LITERAL_NULL_CONVERSION = YES;
				CLANG_WARN_OBJC_IMPLICIT_RETAIN_SELF = YES;
				CLANG_WARN_OBJC_LITERAL_CONVERSION = YES;
				CLANG_WARN_OBJC_ROOT_CLASS = YES_ERROR;
				CLANG_WARN_QUOTED_INCLUDE_IN_FRAMEWORK_HEADER = YES;
				CLANG_WARN_RANGE_LOOP_ANALYSIS = YES;
				CLANG_WARN_STRICT_PROTOTYPES = YES;
				CLANG_WARN_SUSPICIOUS_MOVE = YES;
				CLANG_WARN_UNGUARDED_AVAILABILITY = YES_AGGRESSIVE;
				CLANG_WARN_UNREACHABLE_CODE = YES;
				CLANG_WARN__DUPLICATE_METHOD_MATCH = YES;
				COPY_PHASE_STRIP = NO;
				DEBUG_INFORMATION_FORMAT = "dwarf-with-dsym";
				ENABLE_NS_ASSERTIONS = NO;
				ENABLE_STRICT_OBJC_MSGSEND = YES;
				GCC_C_LANGUAGE_STANDARD = gnu11;
				GCC_NO_COMMON_BLOCKS = YES;
				GCC_WARN_64_TO_32_BIT_CONVERSION = YES;
				GCC_WARN_ABOUT_RETURN_TYPE = YES_ERROR;
				GCC_WARN_UNDECLARED_SELECTOR = YES;
				GCC_WARN_UNINITIALIZED_AUTOS = YES_AGGRESSIVE;
				GCC_WARN_UNUSED_FUNCTION = YES;
				GCC_WARN_UNUSED_VARIABLE = YES;
				IPHONEOS_DEPLOYMENT_TARGET = 14.4;
				MTL_ENABLE_DEBUG_INFO = NO;
				MTL_FAST_MATH = YES;
				SDKROOT = iphoneos;
				VALIDATE_PRODUCT = YES;
			};
			name = Release;
		};
		18921B1F27994FF700700F5E /* Debug */ = {
			isa = XCBuildConfiguration;
			buildSettings = {
				ASSETCATALOG_COMPILER_APPICON_NAME = AppIcon;
				ASSETCATALOG_COMPILER_GLOBAL_ACCENT_COLOR_NAME = AccentColor;
				CODE_SIGN_IDENTITY = "iPhone Developer";
				CODE_SIGN_STYLE = Manual;
				DEVELOPMENT_TEAM = 4YWGN55BE7;
				INFOPLIST_FILE = JHAdjustButton/Info.plist;
				IPHONEOS_DEPLOYMENT_TARGET = 13.0;
				LD_RUNPATH_SEARCH_PATHS = (
					"$(inherited)",
					"@executable_path/Frameworks",
				);
				PRODUCT_BUNDLE_IDENTIFIER = com.haocold.JHAdjustButton;
				PRODUCT_NAME = "$(TARGET_NAME)";
				PROVISIONING_PROFILE_SPECIFIER = haocold_dev_0905;
				TARGETED_DEVICE_FAMILY = "1,2";
			};
			name = Debug;
		};
		18921B2027994FF700700F5E /* Release */ = {
			isa = XCBuildConfiguration;
			buildSettings = {
				ASSETCATALOG_COMPILER_APPICON_NAME = AppIcon;
				ASSETCATALOG_COMPILER_GLOBAL_ACCENT_COLOR_NAME = AccentColor;
				CODE_SIGN_IDENTITY = "iPhone Developer";
				CODE_SIGN_STYLE = Manual;
				DEVELOPMENT_TEAM = 4YWGN55BE7;
				INFOPLIST_FILE = JHAdjustButton/Info.plist;
				IPHONEOS_DEPLOYMENT_TARGET = 13.0;
				LD_RUNPATH_SEARCH_PATHS = (
					"$(inherited)",
					"@executable_path/Frameworks",
				);
				PRODUCT_BUNDLE_IDENTIFIER = com.haocold.JHAdjustButton;
				PRODUCT_NAME = "$(TARGET_NAME)";
				PROVISIONING_PROFILE_SPECIFIER = haocold_dev_0905;
				TARGETED_DEVICE_FAMILY = "1,2";
			};
			name = Release;
		};
/* End XCBuildConfiguration section */

/* Begin XCConfigurationList section */
		18921B0027994FEC00700F5E /* Build configuration list for PBXProject "JHAdjustButton" */ = {
			isa = XCConfigurationList;
			buildConfigurations = (
				18921B1C27994FF700700F5E /* Debug */,
				18921B1D27994FF700700F5E /* Release */,
			);
			defaultConfigurationIsVisible = 0;
			defaultConfigurationName = Release;
		};
		18921B1E27994FF700700F5E /* Build configuration list for PBXNativeTarget "JHAdjustButton" */ = {
			isa = XCConfigurationList;
			buildConfigurations = (
				18921B1F27994FF700700F5E /* Debug */,
				18921B2027994FF700700F5E /* Release */,
			);
			defaultConfigurationIsVisible = 0;
			defaultConfigurationName = Release;
		};
/* End XCConfigurationList section */
	};
	rootObject = 18921AFD27994FEC00700F5E /* Project object */;
}
